
Microsoft Visual Studio Solution File, Format Version 12.00
# Visual Studio Express 2013 for Web
VisualStudioVersion = 12.0.21005.1
MinimumVisualStudioVersion = 10.0.40219.1
Project("{FAE04EC0-301F-11D3-BF4B-00C04F79EFBC}") = "iConnect.Server", "iConnect.Server\iConnect.Server.csproj", "{BE3A2FE4-7A37-468D-B5ED-E4E420DE814F}"
EndProject
Project("{FAE04EC0-301F-11D3-BF4B-00C04F79EFBC}") = "iConnect.Client", "iConnect.Client\iConnect.Client.csproj", "{DC964FF8-FC64-4A44-B1D3-4A8E383AAA53}"
EndProject
Project("{2150E333-8FDC-42A3-9474-1A3956D46DE8}") = ".nuget", ".nuget", "{7CA80CA4-D4BA-4BDD-87BF-87586A242438}"
	ProjectSection(SolutionItems) = preProject
		.nuget\NuGet.Config = .nuget\NuGet.Config
		.nuget\NuGet.exe = .nuget\NuGet.exe
		.nuget\NuGet.targets = .nuget\NuGet.targets
	EndProjectSection
EndProject
Project("{FAE04EC0-301F-11D3-BF4B-00C04F79EFBC}") = "iConnect.Data", "iConnect.Data\iConnect.Data.csproj", "{8E0055A8-C396-465E-8102-1AF7D7C211B2}"
EndProject
Project("{2150E333-8FDC-42A3-9474-1A3956D46DE8}") = "Library", "Library", "{A70409BA-DBB0-4203-807D-B9B69244FAE5}"
EndProject
Project("{2150E333-8FDC-42A3-9474-1A3956D46DE8}") = "Web", "Web", "{87A109F7-C675-4364-9B50-49A6E07E066D}"
EndProject
Project("{2150E333-8FDC-42A3-9474-1A3956D46DE8}") = "Windows", "Windows", "{4A43DB7B-320A-4B13-9B8B-073D62B5C250}"
EndProject
Project("{FAE04EC0-301F-11D3-BF4B-00C04F79EFBC}") = "iConnect.Client.Controls", "iConnect.Client.Controls\iConnect.Client.Controls.csproj", "{634BF423-6721-4ABC-BC51-29710CD9E40C}"
EndProject
Global
	GlobalSection(SolutionConfigurationPlatforms) = preSolution
		Debug|Any CPU = Debug|Any CPU
		Release|Any CPU = Release|Any CPU
	EndGlobalSection
	GlobalSection(ProjectConfigurationPlatforms) = postSolution
		{BE3A2FE4-7A37-468D-B5ED-E4E420DE814F}.Debug|Any CPU.ActiveCfg = Debug|Any CPU
		{BE3A2FE4-7A37-468D-B5ED-E4E420DE814F}.Debug|Any CPU.Build.0 = Debug|Any CPU
		{BE3A2FE4-7A37-468D-B5ED-E4E420DE814F}.Release|Any CPU.ActiveCfg = Release|Any CPU
		{BE3A2FE4-7A37-468D-B5ED-E4E420DE814F}.Release|Any CPU.Build.0 = Release|Any CPU
		{DC964FF8-FC64-4A44-B1D3-4A8E383AAA53}.Debug|Any CPU.ActiveCfg = Debug|Any CPU
		{DC964FF8-FC64-4A44-B1D3-4A8E383AAA53}.Debug|Any CPU.Build.0 = Debug|Any CPU
		{DC964FF8-FC64-4A44-B1D3-4A8E383AAA53}.Release|Any CPU.ActiveCfg = Release|Any CPU
		{DC964FF8-FC64-4A44-B1D3-4A8E383AAA53}.Release|Any CPU.Build.0 = Release|Any CPU
		{8E0055A8-C396-465E-8102-1AF7D7C211B2}.Debug|Any CPU.ActiveCfg = Debug|Any CPU
		{8E0055A8-C396-465E-8102-1AF7D7C211B2}.Debug|Any CPU.Build.0 = Debug|Any CPU
		{8E0055A8-C396-465E-8102-1AF7D7C211B2}.Release|Any CPU.ActiveCfg = Release|Any CPU
		{8E0055A8-C396-465E-8102-1AF7D7C211B2}.Release|Any CPU.Build.0 = Release|Any CPU
		{634BF423-6721-4ABC-BC51-29710CD9E40C}.Debug|Any CPU.ActiveCfg = Debug|Any CPU
		{634BF423-6721-4ABC-BC51-29710CD9E40C}.Debug|Any CPU.Build.0 = Debug|Any CPU
		{634BF423-6721-4ABC-BC51-29710CD9E40C}.Release|Any CPU.ActiveCfg = Release|Any CPU
		{634BF423-6721-4ABC-BC51-29710CD9E40C}.Release|Any CPU.Build.0 = Release|Any CPU
	EndGlobalSection
	GlobalSection(SolutionProperties) = preSolution
		HideSolutionNode = FALSE
	EndGlobalSection
	GlobalSection(NestedProjects) = preSolution
		{BE3A2FE4-7A37-468D-B5ED-E4E420DE814F} = {87A109F7-C675-4364-9B50-49A6E07E066D}
		{DC964FF8-FC64-4A44-B1D3-4A8E383AAA53} = {4A43DB7B-320A-4B13-9B8B-073D62B5C250}
		{634BF423-6721-4ABC-BC51-29710CD9E40C} = {4A43DB7B-320A-4B13-9B8B-073D62B5C250}
		{8E0055A8-C396-465E-8102-1AF7D7C211B2} = {A70409BA-DBB0-4203-807D-B9B69244FAE5}
	EndGlobalSection
EndGlobal
